// !$*UTF8*$!
{
	archiveVersion = 1;
	classes = {
	};
	objectVersion = 46;
	objects = {

/* Begin PBXBuildFile section */
		6ACACFE31CF5F5E200681C3F /* main.m in Sources */ = {isa = PBXBuildFile; fileRef = 6ACACFE21CF5F5E200681C3F /* main.m */; };
		6ACACFE61CF5F5E200681C3F /* AppDelegate.m in Sources */ = {isa = PBXBuildFile; fileRef = 6ACACFE51CF5F5E200681C3F /* AppDelegate.m */; };
		6ACACFE91CF5F5E200681C3F /* ViewController.m in Sources */ = {isa = PBXBuildFile; fileRef = 6ACACFE81CF5F5E200681C3F /* ViewController.m */; };
		6ACACFEC1CF5F5E200681C3F /* Main.storyboard in Resources */ = {isa = PBXBuildFile; fileRef = 6ACACFEA1CF5F5E200681C3F /* Main.storyboard */; };
		6ACACFEE1CF5F5E200681C3F /* Assets.xcassets in Resources */ = {isa = PBXBuildFile; fileRef = 6ACACFED1CF5F5E200681C3F /* Assets.xcassets */; };
		6ACACFF11CF5F5E200681C3F /* LaunchScreen.storyboard in Resources */ = {isa = PBXBuildFile; fileRef = 6ACACFEF1CF5F5E200681C3F /* LaunchScreen.storyboard */; };
		6ACACFFC1CF5F5E200681C3F /* Autolayout_____VFLTests.m in Sources */ = {isa = PBXBuildFile; fileRef = 6ACACFFB1CF5F5E200681C3F /* Autolayout_____VFLTests.m */; };
		6ACAD0071CF5F5E200681C3F /* Autolayout_____VFLUITests.m in Sources */ = {isa = PBXBuildFile; fileRef = 6ACAD0061CF5F5E200681C3F /* Autolayout_____VFLUITests.m */; };
/* End PBXBuildFile section */

/* Begin PBXContainerItemProxy section */
		6ACACFF81CF5F5E200681C3F /* PBXContainerItemProxy */ = {
			isa = PBXContainerItemProxy;
			containerPortal = 6ACACFD61CF5F5E200681C3F /* Project object */;
			proxyType = 1;
			remoteGlobalIDString = 6ACACFDD1CF5F5E200681C3F;
			remoteInfo = "Autolayout代码实现-VFL";
		};
		6ACAD0031CF5F5E200681C3F /* PBXContainerItemProxy */ = {
			isa = PBXContainerItemProxy;
			containerPortal = 6ACACFD61CF5F5E200681C3F /* Project object */;
			proxyType = 1;
			remoteGlobalIDString = 6ACACFDD1CF5F5E200681C3F;
			remoteInfo = "Autolayout代码实现-VFL";
		};
/* End PBXContainerItemProxy section */

/* Begin PBXFileReference section */
		6ACACFDE1CF5F5E200681C3F /* Autolayout代码实现-VFL.app */ = {isa = PBXFileReference; explicitFileType = wrapper.application; includeInIndex = 0; path = "Autolayout代码实现-VFL.app"; sourceTree = BUILT_PRODUCTS_DIR; };
		6ACACFE21CF5F5E200681C3F /* main.m */ = {isa = PBXFileReference; lastKnownFileType = sourcecode.c.objc; path = main.m; sourceTree = "<group>"; };
		6ACACFE41CF5F5E200681C3F /* AppDelegate.h */ = {isa = PBXFileReference; lastKnownFileType = sourcecode.c.h; path = AppDelegate.h; sourceTree = "<group>"; };
		6ACACFE51CF5F5E200681C3F /* AppDelegate.m */ = {isa = PBXFileReference; lastKnownFileType = sourcecode.c.objc; path = AppDelegate.m; sourceTree = "<group>"; };
		6ACACFE71CF5F5E200681C3F /* ViewController.h */ = {isa = PBXFileReference; lastKnownFileType = sourcecode.c.h; path = ViewController.h; sourceTree = "<group>"; };
		6ACACFE81CF5F5E200681C3F /* ViewController.m */ = {isa = PBXFileReference; lastKnownFileType = sourcecode.c.objc; path = ViewController.m; sourceTree = "<group>"; };
		6ACACFEB1CF5F5E200681C3F /* Base */ = {isa = PBXFileReference; lastKnownFileType = file.storyboard; name = Base; path = Base.lproj/Main.storyboard; sourceTree = "<group>"; };
		6ACACFED1CF5F5E200681C3F /* Assets.xcassets */ = {isa = PBXFileReference; lastKnownFileType = folder.assetcatalog; path = Assets.xcassets; sourceTree = "<group>"; };
		6ACACFF01CF5F5E200681C3F /* Base */ = {isa = PBXFileReference; lastKnownFileType = file.storyboard; name = Base; path = Base.lproj/LaunchScreen.storyboard; sourceTree = "<group>"; };
		6ACACFF21CF5F5E200681C3F /* Info.plist */ = {isa = PBXFileReference; lastKnownFileType = text.plist.xml; path = Info.plist; sourceTree = "<group>"; };
		6ACACFF71CF5F5E200681C3F /* Autolayout代码实现-VFLTests.xctest */ = {isa = PBXFileReference; explicitFileType = wrapper.cfbundle; includeInIndex = 0; path = "Autolayout代码实现-VFLTests.xctest"; sourceTree = BUILT_PRODUCTS_DIR; };
		6ACACFFB1CF5F5E200681C3F /* Autolayout_____VFLTests.m */ = {isa = PBXFileReference; lastKnownFileType = sourcecode.c.objc; path = "Autolayout_____VFLTests.m"; sourceTree = "<group>"; };
		6ACACFFD1CF5F5E200681C3F /* Info.plist */ = {isa = PBXFileReference; lastKnownFileType = text.plist.xml; path = Info.plist; sourceTree = "<group>"; };
		6ACAD0021CF5F5E200681C3F /* Autolayout代码实现-VFLUITests.xctest */ = {isa = PBXFileReference; explicitFileType = wrapper.cfbundle; includeInIndex = 0; path = "Autolayout代码实现-VFLUITests.xctest"; sourceTree = BUILT_PRODUCTS_DIR; };
		6ACAD0061CF5F5E200681C3F /* Autolayout_____VFLUITests.m */ = {isa = PBXFileReference; lastKnownFileType = sourcecode.c.objc; path = "Autolayout_____VFLUITests.m"; sourceTree = "<group>"; };
		6ACAD0081CF5F5E200681C3F /* Info.plist */ = {isa = PBXFileReference; lastKnownFileType = text.plist.xml; path = Info.plist; sourceTree = "<group>"; };
/* End PBXFileReference section */

/* Begin PBXFrameworksBuildPhase section */
		6ACACFDB1CF5F5E200681C3F /* Frameworks */ = {
			isa = PBXFrameworksBuildPhase;
			buildActionMask = 2147483647;
			files = (
			);
			runOnlyForDeploymentPostprocessing = 0;
		};
		6ACACFF41CF5F5E200681C3F /* Frameworks */ = {
			isa = PBXFrameworksBuildPhase;
			buildActionMask = 2147483647;
			files = (
			);
			runOnlyForDeploymentPostprocessing = 0;
		};
		6ACACFFF1CF5F5E200681C3F /* Frameworks */ = {
			isa = PBXFrameworksBuildPhase;
			buildActionMask = 2147483647;
			files = (
			);
			runOnlyForDeploymentPostprocessing = 0;
		};
/* End PBXFrameworksBuildPhase section */

/* Begin PBXGroup section */
		6ACACFD51CF5F5E200681C3F = {
			isa = PBXGroup;
			children = (
				6ACACFE01CF5F5E200681C3F /* Autolayout代码实现-VFL */,
				6ACACFFA1CF5F5E200681C3F /* Autolayout代码实现-VFLTests */,
				6ACAD0051CF5F5E200681C3F /* Autolayout代码实现-VFLUITests */,
				6ACACFDF1CF5F5E200681C3F /* Products */,
			);
			sourceTree = "<group>";
		};
		6ACACFDF1CF5F5E200681C3F /* Products */ = {
			isa = PBXGroup;
			children = (
				6ACACFDE1CF5F5E200681C3F /* Autolayout代码实现-VFL.app */,
				6ACACFF71CF5F5E200681C3F /* Autolayout代码实现-VFLTests.xctest */,
				6ACAD0021CF5F5E200681C3F /* Autolayout代码实现-VFLUITests.xctest */,
			);
			name = Products;
			sourceTree = "<group>";
		};
		6ACACFE01CF5F5E200681C3F /* Autolayout代码实现-VFL */ = {
			isa = PBXGroup;
			children = (
				6ACACFE41CF5F5E200681C3F /* AppDelegate.h */,
				6ACACFE51CF5F5E200681C3F /* AppDelegate.m */,
				6ACACFE71CF5F5E200681C3F /* ViewController.h */,
				6ACACFE81CF5F5E200681C3F /* ViewController.m */,
				6ACACFEA1CF5F5E200681C3F /* Main.storyboard */,
				6ACACFED1CF5F5E200681C3F /* Assets.xcassets */,
				6ACACFEF1CF5F5E200681C3F /* LaunchScreen.storyboard */,
				6ACACFF21CF5F5E200681C3F /* Info.plist */,
				6ACACFE11CF5F5E200681C3F /* Supporting Files */,
			);
			path = "Autolayout代码实现-VFL";
			sourceTree = "<group>";
		};
		6ACACFE11CF5F5E200681C3F /* Supporting Files */ = {
			isa = PBXGroup;
			children = (
				6ACACFE21CF5F5E200681C3F /* main.m */,
			);
			name = "Supporting Files";
			sourceTree = "<group>";
		};
		6ACACFFA1CF5F5E200681C3F /* Autolayout代码实现-VFLTests */ = {
			isa = PBXGroup;
			children = (
				6ACACFFB1CF5F5E200681C3F /* Autolayout_____VFLTests.m */,
				6ACACFFD1CF5F5E200681C3F /* Info.plist */,
			);
			path = "Autolayout代码实现-VFLTests";
			sourceTree = "<group>";
		};
		6ACAD0051CF5F5E200681C3F /* Autolayout代码实现-VFLUITests */ = {
			isa = PBXGroup;
			children = (
				6ACAD0061CF5F5E200681C3F /* Autolayout_____VFLUITests.m */,
				6ACAD0081CF5F5E200681C3F /* Info.plist */,
			);
			path = "Autolayout代码实现-VFLUITests";
			sourceTree = "<group>";
		};
/* End PBXGroup section */

/* Begin PBXNativeTarget section */
		6ACACFDD1CF5F5E200681C3F /* Autolayout代码实现-VFL */ = {
			isa = PBXNativeTarget;
			buildConfigurationList = 6ACAD00B1CF5F5E200681C3F /* Build configuration list for PBXNativeTarget "Autolayout代码实现-VFL" */;
			buildPhases = (
				6ACACFDA1CF5F5E200681C3F /* Sources */,
				6ACACFDB1CF5F5E200681C3F /* Frameworks */,
				6ACACFDC1CF5F5E200681C3F /* Resources */,
			);
			buildRules = (
			);
			dependencies = (
			);
			name = "Autolayout代码实现-VFL";
			productName = "Autolayout代码实现-VFL";
			productReference = 6ACACFDE1CF5F5E200681C3F /* Autolayout代码实现-VFL.app */;
			productType = "com.apple.product-type.application";
		};
		6ACACFF61CF5F5E200681C3F /* Autolayout代码实现-VFLTests */ = {
			isa = PBXNativeTarget;
			buildConfigurationList = 6ACAD00E1CF5F5E200681C3F /* Build configuration list for PBXNativeTarget "Autolayout代码实现-VFLTests" */;
			buildPhases = (
				6ACACFF31CF5F5E200681C3F /* Sources */,
				6ACACFF41CF5F5E200681C3F /* Frameworks */,
				6ACACFF51CF5F5E200681C3F /* Resources */,
			);
			buildRules = (
			);
			dependencies = (
				6ACACFF91CF5F5E200681C3F /* PBXTargetDependency */,
			);
			name = "Autolayout代码实现-VFLTests";
			productName = "Autolayout代码实现-VFLTests";
			productReference = 6ACACFF71CF5F5E200681C3F /* Autolayout代码实现-VFLTests.xctest */;
			productType = "com.apple.product-type.bundle.unit-test";
		};
		6ACAD0011CF5F5E200681C3F /* Autolayout代码实现-VFLUITests */ = {
			isa = PBXNativeTarget;
			buildConfigurationList = 6ACAD0111CF5F5E200681C3F /* Build configuration list for PBXNativeTarget "Autolayout代码实现-VFLUITests" */;
			buildPhases = (
				6ACACFFE1CF5F5E200681C3F /* Sources */,
				6ACACFFF1CF5F5E200681C3F /* Frameworks */,
				6ACAD0001CF5F5E200681C3F /* Resources */,
			);
			buildRules = (
			);
			dependencies = (
				6ACAD0041CF5F5E200681C3F /* PBXTargetDependency */,
			);
			name = "Autolayout代码实现-VFLUITests";
			productName = "Autolayout代码实现-VFLUITests";
			productReference = 6ACAD0021CF5F5E200681C3F /* Autolayout代码实现-VFLUITests.xctest */;
			productType = "com.apple.product-type.bundle.ui-testing";
		};
/* End PBXNativeTarget section */

/* Begin PBXProject section */
		6ACACFD61CF5F5E200681C3F /* Project object */ = {
			isa = PBXProject;
			attributes = {
				LastUpgradeCheck = 0730;
				ORGANIZATIONNAME = Bobby;
				TargetAttributes = {
					6ACACFDD1CF5F5E200681C3F = {
						CreatedOnToolsVersion = 7.3;
						DevelopmentTeam = 96276M64J8;
					};
					6ACACFF61CF5F5E200681C3F = {
						CreatedOnToolsVersion = 7.3;
						DevelopmentTeam = 96276M64J8;
						TestTargetID = 6ACACFDD1CF5F5E200681C3F;
					};
					6ACAD0011CF5F5E200681C3F = {
						CreatedOnToolsVersion = 7.3;
						DevelopmentTeam = 96276M64J8;
						TestTargetID = 6ACACFDD1CF5F5E200681C3F;
					};
				};
			};
			buildConfigurationList = 6ACACFD91CF5F5E200681C3F /* Build configuration list for PBXProject "Autolayout代码实现-VFL" */;
			compatibilityVersion = "Xcode 3.2";
			developmentRegion = English;
			hasScannedForEncodings = 0;
			knownRegions = (
				en,
				Base,
			);
			mainGroup = 6ACACFD51CF5F5E200681C3F;
			productRefGroup = 6ACACFDF1CF5F5E200681C3F /* Products */;
			projectDirPath = "";
			projectRoot = "";
			targets = (
				6ACACFDD1CF5F5E200681C3F /* Autolayout代码实现-VFL */,
				6ACACFF61CF5F5E200681C3F /* Autolayout代码实现-VFLTests */,
				6ACAD0011CF5F5E200681C3F /* Autolayout代码实现-VFLUITests */,
			);
		};
/* End PBXProject section */

/* Begin PBXResourcesBuildPhase section */
		6ACACFDC1CF5F5E200681C3F /* Resources */ = {
			isa = PBXResourcesBuildPhase;
			buildActionMask = 2147483647;
			files = (
				6ACACFF11CF5F5E200681C3F /* LaunchScreen.storyboard in Resources */,
				6ACACFEE1CF5F5E200681C3F /* Assets.xcassets in Resources */,
				6ACACFEC1CF5F5E200681C3F /* Main.storyboard in Resources */,
			);
			runOnlyForDeploymentPostprocessing = 0;
		};
		6ACACFF51CF5F5E200681C3F /* Resources */ = {
			isa = PBXResourcesBuildPhase;
			buildActionMask = 2147483647;
			files = (
			);
			runOnlyForDeploymentPostprocessing = 0;
		};
		6ACAD0001CF5F5E200681C3F /* Resources */ = {
			isa = PBXResourcesBuildPhase;
			buildActionMask = 2147483647;
			files = (
			);
			runOnlyForDeploymentPostprocessing = 0;
		};
/* End PBXResourcesBuildPhase section */

/* Begin PBXSourcesBuildPhase section */
		6ACACFDA1CF5F5E200681C3F /* Sources */ = {
			isa = PBXSourcesBuildPhase;
			buildActionMask = 2147483647;
			files = (
				6ACACFE91CF5F5E200681C3F /* ViewController.m in Sources */,
				6ACACFE61CF5F5E200681C3F /* AppDelegate.m in Sources */,
				6ACACFE31CF5F5E200681C3F /* main.m in Sources */,
			);
			runOnlyForDeploymentPostprocessing = 0;
		};
		6ACACFF31CF5F5E200681C3F /* Sources */ = {
			isa = PBXSourcesBuildPhase;
			buildActionMask = 2147483647;
			files = (
				6ACACFFC1CF5F5E200681C3F /* Autolayout_____VFLTests.m in Sources */,
			);
			runOnlyForDeploymentPostprocessing = 0;
		};
		6ACACFFE1CF5F5E200681C3F /* Sources */ = {
			isa = PBXSourcesBuildPhase;
			buildActionMask = 2147483647;
			files = (
				6ACAD0071CF5F5E200681C3F /* Autolayout_____VFLUITests.m in Sources */,
			);
			runOnlyForDeploymentPostprocessing = 0;
		};
/* End PBXSourcesBuildPhase section */

/* Begin PBXTargetDependency section */
		6ACACFF91CF5F5E200681C3F /* PBXTargetDependency */ = {
			isa = PBXTargetDependency;
			target = 6ACACFDD1CF5F5E200681C3F /* Autolayout代码实现-VFL */;
			targetProxy = 6ACACFF81CF5F5E200681C3F /* PBXContainerItemProxy */;
		};
		6ACAD0041CF5F5E200681C3F /* PBXTargetDependency */ = {
			isa = PBXTargetDependency;
			target = 6ACACFDD1CF5F5E200681C3F /* Autolayout代码实现-VFL */;
			targetProxy = 6ACAD0031CF5F5E200681C3F /* PBXContainerItemProxy */;
		};
/* End PBXTargetDependency section */

/* Begin PBXVariantGroup section */
		6ACACFEA1CF5F5E200681C3F /* Main.storyboard */ = {
			isa = PBXVariantGroup;
			children = (
				6ACACFEB1CF5F5E200681C3F /* Base */,
			);
			name = Main.storyboard;
			sourceTree = "<group>";
		};
		6ACACFEF1CF5F5E200681C3F /* LaunchScreen.storyboard */ = {
			isa = PBXVariantGroup;
			children = (
				6ACACFF01CF5F5E200681C3F /* Base */,
			);
			name = LaunchScreen.storyboard;
			sourceTree = "<group>";
		};
/* End PBXVariantGroup section */

/* Begin XCBuildConfiguration section */
		6ACAD0091CF5F5E200681C3F /* Debug */ = {
			isa = XCBuildConfiguration;
			buildSettings = {
				ALWAYS_SEARCH_USER_PATHS = NO;
				CLANG_ANALYZER_NONNULL = YES;
				CLANG_CXX_LANGUAGE_STANDARD = "gnu++0x";
				CLANG_CXX_LIBRARY = "libc++";
				CLANG_ENABLE_MODULES = YES;
				CLANG_ENABLE_OBJC_ARC = YES;
				CLANG_WARN_BOOL_CONVERSION = YES;
				CLANG_WARN_CONSTANT_CONVERSION = YES;
				CLANG_WARN_DIRECT_OBJC_ISA_USAGE = YES_ERROR;
				CLANG_WARN_EMPTY_BODY = YES;
				CLANG_WARN_ENUM_CONVERSION = YES;
				CLANG_WARN_INT_CONVERSION = YES;
				CLANG_WARN_OBJC_ROOT_CLASS = YES_ERROR;
				CLANG_WARN_UNREACHABLE_CODE = YES;
				CLANG_WARN__DUPLICATE_METHOD_MATCH = YES;
				"CODE_SIGN_IDENTITY[sdk=iphoneos*]" = "iPhone Developer";
				COPY_PHASE_STRIP = NO;
				DEBUG_INFORMATION_FORMAT = dwarf;
				ENABLE_STRICT_OBJC_MSGSEND = YES;
				ENABLE_TESTABILITY = YES;
				GCC_C_LANGUAGE_STANDARD = gnu99;
				GCC_DYNAMIC_NO_PIC = NO;
				GCC_NO_COMMON_BLOCKS = YES;
				GCC_OPTIMIZATION_LEVEL = 0;
				GCC_PREPROCESSOR_DEFINITIONS = (
					"DEBUG=1",
					"$(inherited)",
				);
				GCC_WARN_64_TO_32_BIT_CONVERSION = YES;
				GCC_WARN_ABOUT_RETURN_TYPE = YES_ERROR;
				GCC_WARN_UNDECLARED_SELECTOR = YES;
				GCC_WARN_UNINITIALIZED_AUTOS = YES_AGGRESSIVE;
				GCC_WARN_UNUSED_FUNCTION = YES;
				GCC_WARN_UNUSED_VARIABLE = YES;
				IPHONEOS_DEPLOYMENT_TARGET = 9.3;
				MTL_ENABLE_DEBUG_INFO = YES;
				ONLY_ACTIVE_ARCH = YES;
				SDKROOT = iphoneos;
			};
			name = Debug;
		};
		6ACAD00A1CF5F5E200681C3F /* Release */ = {
			isa = XCBuildConfiguration;
			buildSettings = {
				ALWAYS_SEARCH_USER_PATHS = NO;
				CLANG_ANALYZER_NONNULL = YES;
				CLANG_CXX_LANGUAGE_STANDARD = "gnu++0x";
				CLANG_CXX_LIBRARY = "libc++";
				CLANG_ENABLE_MODULES = YES;
				CLANG_ENABLE_OBJC_ARC = YES;
				CLANG_WARN_BOOL_CONVERSION = YES;
				CLANG_WARN_CONSTANT_CONVERSION = YES;
				CLANG_WARN_DIRECT_OBJC_ISA_USAGE = YES_ERROR;
				CLANG_WARN_EMPTY_BODY = YES;
				CLANG_WARN_ENUM_CONVERSION = YES;
				CLANG_WARN_INT_CONVERSION = YES;
				CLANG_WARN_OBJC_ROOT_CLASS = YES_ERROR;
				CLANG_WARN_UNREACHABLE_CODE = YES;
				CLANG_WARN__DUPLICATE_METHOD_MATCH = YES;
				"CODE_SIGN_IDENTITY[sdk=iphoneos*]" = "iPhone Developer";
				COPY_PHASE_STRIP = NO;
				DEBUG_INFORMATION_FORMAT = "dwarf-with-dsym";
				ENABLE_NS_ASSERTIONS = NO;
				ENABLE_STRICT_OBJC_MSGSEND = YES;
				GCC_C_LANGUAGE_STANDARD = gnu99;
				GCC_NO_COMMON_BLOCKS = YES;
				GCC_WARN_64_TO_32_BIT_CONVERSION = YES;
				GCC_WARN_ABOUT_RETURN_TYPE = YES_ERROR;
				GCC_WARN_UNDECLARED_SELECTOR = YES;
				GCC_WARN_UNINITIALIZED_AUTOS = YES_AGGRESSIVE;
				GCC_WARN_UNUSED_FUNCTION = YES;
				GCC_WARN_UNUSED_VARIABLE = YES;
				IPHONEOS_DEPLOYMENT_TARGET = 9.3;
				MTL_ENABLE_DEBUG_INFO = NO;
				SDKROOT = iphoneos;
				VALIDATE_PRODUCT = YES;
			};
			name = Release;
		};
		6ACAD00C1CF5F5E200681C3F /* Debug */ = {
			isa = XCBuildConfiguration;
			buildSettings = {
				ASSETCATALOG_COMPILER_APPICON_NAME = AppIcon;
				INFOPLIST_FILE = "Autolayout代码实现-VFL/Info.plist";
				LD_RUNPATH_SEARCH_PATHS = "$(inherited) @executable_path/Frameworks";
				PRODUCT_BUNDLE_IDENTIFIER = "com.JinBiao.Autolayout-----VFL";
				PRODUCT_NAME = "$(TARGET_NAME)";
			};
			name = Debug;
		};
		6ACAD00D1CF5F5E200681C3F /* Release */ = {
			isa = XCBuildConfiguration;
			buildSettings = {
				ASSETCATALOG_COMPILER_APPICON_NAME = AppIcon;
				INFOPLIST_FILE = "Autolayout代码实现-VFL/Info.plist";
				LD_RUNPATH_SEARCH_PATHS = "$(inherited) @executable_path/Frameworks";
				PRODUCT_BUNDLE_IDENTIFIER = "com.JinBiao.Autolayout-----VFL";
				PRODUCT_NAME = "$(TARGET_NAME)";
			};
			name = Release;
		};
		6ACAD00F1CF5F5E200681C3F /* Debug */ = {
			isa = XCBuildConfiguration;
			buildSettings = {
				BUNDLE_LOADER = "$(TEST_HOST)";
				INFOPLIST_FILE = "Autolayout代码实现-VFLTests/Info.plist";
				LD_RUNPATH_SEARCH_PATHS = "$(inherited) @executable_path/Frameworks @loader_path/Frameworks";
				PRODUCT_BUNDLE_IDENTIFIER = "com.JinBiao.Autolayout-----VFLTests";
				PRODUCT_NAME = "$(TARGET_NAME)";
				TEST_HOST = "$(BUILT_PRODUCTS_DIR)/Autolayout代码实现-VFL.app/Autolayout代码实现-VFL";
			};
			name = Debug;
		};
		6ACAD0101CF5F5E200681C3F /* Release */ = {
			isa = XCBuildConfiguration;
			buildSettings = {
				BUNDLE_LOADER = "$(TEST_HOST)";
				INFOPLIST_FILE = "Autolayout代码实现-VFLTests/Info.plist";
				LD_RUNPATH_SEARCH_PATHS = "$(inherited) @executable_path/Frameworks @loader_path/Frameworks";
				PRODUCT_BUNDLE_IDENTIFIER = "com.JinBiao.Autolayout-----VFLTests";
				PRODUCT_NAME = "$(TARGET_NAME)";
				TEST_HOST = "$(BUILT_PRODUCTS_DIR)/Autolayout代码实现-VFL.app/Autolayout代码实现-VFL";
			};
			name = Release;
		};
		6ACAD0121CF5F5E200681C3F /* Debug */ = {
			isa = XCBuildConfiguration;
			buildSettings = {
				INFOPLIST_FILE = "Autolayout代码实现-VFLUITests/Info.plist";
				LD_RUNPATH_SEARCH_PATHS = "$(inherited) @executable_path/Frameworks @loader_path/Frameworks";
				PRODUCT_BUNDLE_IDENTIFIER = "com.JinBiao.Autolayout-----VFLUITests";
				PRODUCT_NAME = "$(TARGET_NAME)";
				TEST_TARGET_NAME = "Autolayout代码实现-VFL";
			};
			name = Debug;
		};
		6ACAD0131CF5F5E200681C3F /* Release */ = {
			isa = XCBuildConfiguration;
			buildSettings = {
				INFOPLIST_FILE = "Autolayout代码实现-VFLUITests/Info.plist";
				LD_RUNPATH_SEARCH_PATHS = "$(inherited) @executable_path/Frameworks @loader_path/Frameworks";
				PRODUCT_BUNDLE_IDENTIFIER = "com.JinBiao.Autolayout-----VFLUITests";
				PRODUCT_NAME = "$(TARGET_NAME)";
				TEST_TARGET_NAME = "Autolayout代码实现-VFL";
			};
			name = Release;
		};
/* End XCBuildConfiguration section */

/* Begin XCConfigurationList section */
		6ACACFD91CF5F5E200681C3F /* Build configuration list for PBXProject "Autolayout代码实现-VFL" */ = {
			isa = XCConfigurationList;
			buildConfigurations = (
				6ACAD0091CF5F5E200681C3F /* Debug */,
				6ACAD00A1CF5F5E200681C3F /* Release */,
			);
			defaultConfigurationIsVisible = 0;
			defaultConfigurationName = Release;
		};
		6ACAD00B1CF5F5E200681C3F /* Build configuration list for PBXNativeTarget "Autolayout代码实现-VFL" */ = {
			isa = XCConfigurationList;
			buildConfigurations = (
				6ACAD00C1CF5F5E200681C3F /* Debug */,
				6ACAD00D1CF5F5E200681C3F /* Release */,
			);
			defaultConfigurationIsVisible = 0;
		};
		6ACAD00E1CF5F5E200681C3F /* Build configuration list for PBXNativeTarget "Autolayout代码实现-VFLTests" */ = {
			isa = XCConfigurationList;
			buildConfigurations = (
				6ACAD00F1CF5F5E200681C3F /* Debug */,
				6ACAD0101CF5F5E200681C3F /* Release */,
			);
			defaultConfigurationIsVisible = 0;
		};
		6ACAD0111CF5F5E200681C3F /* Build configuration list for PBXNativeTarget "Autolayout代码实现-VFLUITests" */ = {
			isa = XCConfigurationList;
			buildConfigurations = (
				6ACAD0121CF5F5E200681C3F /* Debug */,
				6ACAD0131CF5F5E200681C3F /* Release */,
			);
			defaultConfigurationIsVisible = 0;
		};
/* End XCConfigurationList section */
	};
	rootObject = 6ACACFD61CF5F5E200681C3F /* Project object */;
}
